
Microsoft Visual Studio Solution File, Format Version 12.00
# Visual Studio Version 16
VisualStudioVersion = 16.0.31025.194
MinimumVisualStudioVersion = 10.0.40219.1
Project("{9A19103F-16F7-4668-BE54-9A1E7A4F7556}") = "Garage3.0", "Garage3.0\Garage3.0.csproj", "{4CC69CE8-EB53-4B82-9B61-622C5EA03C77}"
EndProject
Project("{9A19103F-16F7-4668-BE54-9A1E7A4F7556}") = "Garage1.0", "..\GarageMVC\Garage1.0.csproj", "{A018883E-09D0-422C-9E5C-2B1F880AF4E7}"
EndProject
Project("{9A19103F-16F7-4668-BE54-9A1E7A4F7556}") = "Garage2.0", "..\GarageMVC2\Garage2.0.csproj", "{02DB7B40-F3C2-4EF0-9EC2-D3F4915CB59C}"
EndProject
Global
	GlobalSection(SolutionConfigurationPlatforms) = preSolution
		Debug|Any CPU = Debug|Any CPU
		Release|Any CPU = Release|Any CPU
	EndGlobalSection
	GlobalSection(ProjectConfigurationPlatforms) = postSolution
		{4CC69CE8-EB53-4B82-9B61-622C5EA03C77}.Debug|Any CPU.ActiveCfg = Debug|Any CPU
		{4CC69CE8-EB53-4B82-9B61-622C5EA03C77}.Debug|Any CPU.Build.0 = Debug|Any CPU
		{4CC69CE8-EB53-4B82-9B61-622C5EA03C77}.Release|Any CPU.ActiveCfg = Release|Any CPU
		{4CC69CE8-EB53-4B82-9B61-622C5EA03C77}.Release|Any CPU.Build.0 = Release|Any CPU
		{A018883E-09D0-422C-9E5C-2B1F880AF4E7}.Debug|Any CPU.ActiveCfg = Debug|Any CPU
		{A018883E-09D0-422C-9E5C-2B1F880AF4E7}.Debug|Any CPU.Build.0 = Debug|Any CPU
		{A018883E-09D0-422C-9E5C-2B1F880AF4E7}.Release|Any CPU.ActiveCfg = Release|Any CPU
		{A018883E-09D0-422C-9E5C-2B1F880AF4E7}.Release|Any CPU.Build.0 = Release|Any CPU
		{02DB7B40-F3C2-4EF0-9EC2-D3F4915CB59C}.Debug|Any CPU.ActiveCfg = Debug|Any CPU
		{02DB7B40-F3C2-4EF0-9EC2-D3F4915CB59C}.Debug|Any CPU.Build.0 = Debug|Any CPU
		{02DB7B40-F3C2-4EF0-9EC2-D3F4915CB59C}.Release|Any CPU.ActiveCfg = Release|Any CPU
		{02DB7B40-F3C2-4EF0-9EC2-D3F4915CB59C}.Release|Any CPU.Build.0 = Release|Any CPU
	EndGlobalSection
	GlobalSection(SolutionProperties) = preSolution
		HideSolutionNode = FALSE
	EndGlobalSection
	GlobalSection(ExtensibilityGlobals) = postSolution
		SolutionGuid = {886D2B1A-173D-404A-A29A-6277C3935249}
	EndGlobalSection
EndGlobal
